
Microsoft Visual Studio Solution File, Format Version 12.00
# Visual Studio Version 16
VisualStudioVersion = 16.0.32106.194
MinimumVisualStudioVersion = 10.0.40219.1
Project("{FAE04EC0-301F-11D3-BF4B-00C04F79EFBC}") = "TravelTripProject", "TravelTripProject\TravelTripProject.csproj", "{54433DF5-FC0A-422C-9F12-73A88BCB7CD3}"
EndProject
Global
	GlobalSection(SolutionConfigurationPlatforms) = preSolution
		Debug|Any CPU = Debug|Any CPU
		Release|Any CPU = Release|Any CPU
	EndGlobalSection
	GlobalSection(ProjectConfigurationPlatforms) = postSolution
		{54433DF5-FC0A-422C-9F12-73A88BCB7CD3}.Debug|Any CPU.ActiveCfg = Debug|Any CPU
		{54433DF5-FC0A-422C-9F12-73A88BCB7CD3}.Debug|Any CPU.Build.0 = Debug|Any CPU
		{54433DF5-FC0A-422C-9F12-73A88BCB7CD3}.Release|Any CPU.ActiveCfg = Release|Any CPU
		{54433DF5-FC0A-422C-9F12-73A88BCB7CD3}.Release|Any CPU.Build.0 = Release|Any CPU
	EndGlobalSection
	GlobalSection(SolutionProperties) = preSolution
		HideSolutionNode = FALSE
	EndGlobalSection
	GlobalSection(ExtensibilityGlobals) = postSolution
		SolutionGuid = {FB2D4C5F-29EC-4772-A165-122AB24E9DE5}
	EndGlobalSection
EndGlobal
